{
    "name": "@kestra-io/e2e",
    "version": "0.0.0",
    "lockfileVersion": 3,
    "requires": true,
    "packages": {
        "": {
            "name": "@kestra-io/e2e",
            "version": "0.0.0",
            "devDependencies": {
                "@playwright/test": "1.61.1",
                "@types/node": "^26.1.1",
                "dotenv": "^17.4.2",
                "oxlint": "^1.73.0",
                "typescript": "^6.0.3",
                "uuid": "^14.0.1"
            },
            "engines": {
                "node": ">=24"
            }
        },
        "node_modules/@oxlint/binding-android-arm-eabi": {
            "version": "1.83.0",
            "resolved": "https://registry.npmjs.org/@oxlint/binding-android-arm-eabi/-/binding-android-arm-eabi-1.83.0.tgz",
            "integrity": "sha512-0yGY24EwsLk5YDe6F+VkmZyRHSwJDALa3nIrPpq7FXmp2lV2d0TzvBCGeZk+wgiULRGr5blhyr4QMp5KCXJUqA==",
            "cpu": [
                "arm"
            ],
            "dev": true,
            "license": "MIT",
            "optional": true,
            "os": [
                "android"
            ],
            "engines": {
                "node": "^20.19.0 || >=22.12.0"
            }
        },
        "node_modules/@oxlint/binding-android-arm64": {
            "version": "1.83.0",
            "resolved": "https://registry.npmjs.org/@oxlint/binding-android-arm64/-/binding-android-arm64-1.83.0.tgz",
            "integrity": "sha512-hHfJ0vc17A4iUjH5p9BsTUPYbYRNxGpvD2lbu1aBRk54bzNIx9o5TtYF39QPZcV95DagZd+4DEAw2RH3G2ZsMg==",
            "cpu": [
                "arm64"
            ],
            "dev": true,
            "license": "MIT",
            "optional": true,
            "os": [
                "android"
            ],
            "engines": {
                "node": "^20.19.0 || >=22.12.0"
            }
        },
        "node_modules/@oxlint/binding-darwin-arm64": {
            "version": "1.83.0",
            "resolved": "https://registry.npmjs.org/@oxlint/binding-darwin-arm64/-/binding-darwin-arm64-1.83.0.tgz",
            "integrity": "sha512-hsOjYjszLb/3zym/TkzUMPAoQlTJcuzSyEPOAyA+skXJIX9M0o+4JfOtqopX/Vf4hSLrJ98j0nvFo23gzk8auQ==",
            "cpu": [
                "arm64"
            ],
            "dev": true,
            "license": "MIT",
            "optional": true,
            "os": [
                "darwin"
            ],
            "engines": {
                "node": "^20.19.0 || >=22.12.0"
            }
        },
        "node_modules/@oxlint/binding-darwin-x64": {
            "version": "1.83.0",
            "resolved": "https://registry.npmjs.org/@oxlint/binding-darwin-x64/-/binding-darwin-x64-1.83.0.tgz",
            "integrity": "sha512-mjh5oH2EA+wl5yRJYT9K9G61O2zFlpuv+yf2JwZOi0+dq2FnTUtm1h8i+5Ik0fXPWIu/k84I1psZR9aQsLAnyA==",
            "cpu": [
                "x64"
            ],
            "dev": true,
            "license": "MIT",
            "optional": true,
            "os": [
                "darwin"
            ],
            "engines": {
                "node": "^20.19.0 || >=22.12.0"
            }
        },
        "node_modules/@oxlint/binding-freebsd-x64": {
            "version": "1.83.0",
            "resolved": "https://registry.npmjs.org/@oxlint/binding-freebsd-x64/-/binding-freebsd-x64-1.83.0.tgz",
            "integrity": "sha512-fNHr64/YaO8YssuoDVC8+F4Uk5enR86q5uxfHkQrjAPs1dbAILOrD2uaud+J7MO8Fx774g44ERLD0IGIvZE48w==",
            "cpu": [
                "x64"
            ],
            "dev": true,
            "license": "MIT",
            "optional": true,
            "os": [
                "freebsd"
            ],
            "engines": {
                "node": "^20.19.0 || >=22.12.0"
            }
        },
        "node_modules/@oxlint/binding-linux-arm-gnueabihf": {
            "version": "1.83.0",
            "resolved": "https://registry.npmjs.org/@oxlint/binding-linux-arm-gnueabihf/-/binding-linux-arm-gnueabihf-1.83.0.tgz",
            "integrity": "sha512-Qpwy3zzAwMj+8/lyYItHmkSMwbkprFNWTK7jPYDOxSyxEhaSLOWYUTCMkjF334J8/WD0nznCCsoBbIH6hpsuIw==",
            "cpu": [
                "arm"
            ],
            "dev": true,
            "license": "MIT",
            "optional": true,
            "os": [
                "linux"
            ],
            "engines": {
                "node": "^20.19.0 || >=22.12.0"
            }
        },
        "node_modules/@oxlint/binding-linux-arm-musleabihf": {
            "version": "1.83.0",
            "resolved": "https://registry.npmjs.org/@oxlint/binding-linux-arm-musleabihf/-/binding-linux-arm-musleabihf-1.83.0.tgz",
            "integrity": "sha512-s+BirYLFq7JL2k9sP0XI3ZXJ9dYvJ8sX3jLCLoag7tt+zrSHpZxP0jqznfL+Gdgwu7ay0dYgGYJXrQvq3iWloA==",
            "cpu": [
                "arm"
            ],
            "dev": true,
            "license": "MIT",
            "optional": true,
            "os": [
                "linux"
            ],
            "engines": {
                "node": "^20.19.0 || >=22.12.0"
            }
        },
        "node_modules/@oxlint/binding-linux-arm64-gnu": {
            "version": "1.83.0",
            "resolved": "https://registry.npmjs.org/@oxlint/binding-linux-arm64-gnu/-/binding-linux-arm64-gnu-1.83.0.tgz",
            "integrity": "sha512-7lihXt3vKr+GIyapNbHrnFHm/biiW30le6Zv/DExbAFPF6YwCQXVFlONPFehxs0CpGO4CBfYPM9rdDT+XMoIlg==",
            "cpu": [
                "arm64"
            ],
            "dev": true,
            "license": "MIT",
            "optional": true,
            "os": [
                "linux"
            ],
            "engines": {
                "node": "^20.19.0 || >=22.12.0"
            }
        },
        "node_modules/@oxlint/binding-linux-arm64-musl": {
            "version": "1.83.0",
            "resolved": "https://registry.npmjs.org/@oxlint/binding-linux-arm64-musl/-/binding-linux-arm64-musl-1.83.0.tgz",
            "integrity": "sha512-q63JalLYVkZiZvls1z3PPUnpmQluOMXp0khqQMznCeAPLGydfNY8JhvuA4WlK57JfrvikU8wB5lPVveqpIXvew==",
            "cpu": [
                "arm64"
            ],
            "dev": true,
            "license": "MIT",
            "optional": true,
            "os": [
                "linux"
            ],
            "engines": {
                "node": "^20.19.0 || >=22.12.0"
            }
        },
        "node_modules/@oxlint/binding-linux-ppc64-gnu": {
            "version": "1.83.0",
            "resolved": "https://registry.npmjs.org/@oxlint/binding-linux-ppc64-gnu/-/binding-linux-ppc64-gnu-1.83.0.tgz",
            "integrity": "sha512-krQmDF+dRbxvdqVPV88ZuOoPPu8X5BuqDA8Hd+qcS4YMRQCb+nexA57DazgGsc/rGdKBe3QmV0mnv0bdpW/p5g==",
            "cpu": [
                "ppc64"
            ],
            "dev": true,
            "license": "MIT",
            "optional": true,
            "os": [
                "linux"
            ],
            "engines": {
                "node": "^20.19.0 || >=22.12.0"
            }
        },
        "node_modules/@oxlint/binding-linux-riscv64-gnu": {
            "version": "1.83.0",
            "resolved": "https://registry.npmjs.org/@oxlint/binding-linux-riscv64-gnu/-/binding-linux-riscv64-gnu-1.83.0.tgz",
            "integrity": "sha512-MmOl8Y6txEAXZU1RG8Rr264jQ6D7VPmqFsU/45x/FeWsGe32hklTqGrLE6UxHzp5Rjt0wP+20tY8YXKgSFB3mw==",
            "cpu": [
                "riscv64"
            ],
            "dev": true,
            "license": "MIT",
            "optional": true,
            "os": [
                "linux"
            ],
            "engines": {
                "node": "^20.19.0 || >=22.12.0"
            }
        },
        "node_modules/@oxlint/binding-linux-riscv64-musl": {
            "version": "1.83.0",
            "resolved": "https://registry.npmjs.org/@oxlint/binding-linux-riscv64-musl/-/binding-linux-riscv64-musl-1.83.0.tgz",
            "integrity": "sha512-u1rMymh0W3JZkq370kzQsYPULGWqhE09pZRqnZvUSoYaI9pVO5yVX+iYIslmWuEgwuzH9YAaOsScJiobWCHoOw==",
            "cpu": [
                "riscv64"
            ],
            "dev": true,
            "license": "MIT",
            "optional": true,
            "os": [
                "linux"
            ],
            "engines": {
                "node": "^20.19.0 || >=22.12.0"
            }
        },
        "node_modules/@oxlint/binding-linux-s390x-gnu": {
            "version": "1.83.0",
            "resolved": "https://registry.npmjs.org/@oxlint/binding-linux-s390x-gnu/-/binding-linux-s390x-gnu-1.83.0.tgz",
            "integrity": "sha512-y0zK3HNwGysu7rqtE+BQG/d0bx5gh/KwlOtghN8oWeK1KcWzeaLqtZrbm8owqdma1lFyrce/hTO5ismuNu+INQ==",
            "cpu": [
                "s390x"
            ],
            "dev": true,
            "license": "MIT",
            "optional": true,
            "os": [
                "linux"
            ],
            "engines": {
                "node": "^20.19.0 || >=22.12.0"
            }
        },
        "node_modules/@oxlint/binding-linux-x64-gnu": {
            "version": "1.83.0",
            "resolved": "https://registry.npmjs.org/@oxlint/binding-linux-x64-gnu/-/binding-linux-x64-gnu-1.83.0.tgz",
            "integrity": "sha512-rS5gM0NgD7ngmuJmbIehsidtrOwKkLFwCQbKEeb9KuyQrrWNq5Zkn0uV6AYdXOMJ0grrWEiLwBuvMxt8w5vsNw==",
            "cpu": [
                "x64"
            ],
            "dev": true,
            "license": "MIT",
            "optional": true,
            "os": [
                "linux"
            ],
            "engines": {
                "node": "^20.19.0 || >=22.12.0"
            }
        },
        "node_modules/@oxlint/binding-linux-x64-musl": {
            "version": "1.83.0",
            "resolved": "https://registry.npmjs.org/@oxlint/binding-linux-x64-musl/-/binding-linux-x64-musl-1.83.0.tgz",
            "integrity": "sha512-W2IH4EtpcPaWcvNGCA95YoDg4vxqE/ZiPCi3arrxEEpsK7+JQN9WYwrlYFx9pcdP6KPXqRqkv3zdQPHcx7b6YQ==",
            "cpu": [
                "x64"
            ],
            "dev": true,
            "license": "MIT",
            "optional": true,
            "os": [
                "linux"
            ],
            "engines": {
                "node": "^20.19.0 || >=22.12.0"
            }
        },
        "node_modules/@oxlint/binding-openharmony-arm64": {
            "version": "1.83.0",
            "resolved": "https://registry.npmjs.org/@oxlint/binding-openharmony-arm64/-/binding-openharmony-arm64-1.83.0.tgz",
            "integrity": "sha512-6LyKkUyoajssTPLlZmDbZIbu4IZ5B4bGuRUnBgCGpEvHP3FQMaYITncHA/unPUo7q+Z+pIu2HhdkQ+8d1SG7iA==",
            "cpu": [
                "arm64"
            ],
            "dev": true,
            "license": "MIT",
            "optional": true,
            "os": [
                "openharmony"
            ],
            "engines": {
                "node": "^20.19.0 || >=22.12.0"
            }
        },
        "node_modules/@oxlint/binding-win32-arm64-msvc": {
            "version": "1.83.0",
            "resolved": "https://registry.npmjs.org/@oxlint/binding-win32-arm64-msvc/-/binding-win32-arm64-msvc-1.83.0.tgz",
            "integrity": "sha512-Uz/fObEtF0jmNJQJ8CGRBKfefYstS0/wjD3s6IGzP8nUwsJykHQJBiN3npHwKiGRGn/vvBEgNr4B3cCzmmatvg==",
            "cpu": [
                "arm64"
            ],
            "dev": true,
            "license": "MIT",
            "optional": true,
            "os": [
                "win32"
            ],
            "engines": {
                "node": "^20.19.0 || >=22.12.0"
            }
        },
        "node_modules/@oxlint/binding-win32-ia32-msvc": {
            "version": "1.83.0",
            "resolved": "https://registry.npmjs.org/@oxlint/binding-win32-ia32-msvc/-/binding-win32-ia32-msvc-1.83.0.tgz",
            "integrity": "sha512-u7XcvPW6Bk58tY5iWs2ESb0vJjoE/kuSpHxopbwp/p3ZtWVQXZ6wor5w3ssVTHOqd/v8b+QdhSFWQ4grEUNWpA==",
            "cpu": [
                "ia32"
            ],
            "dev": true,
            "license": "MIT",
            "optional": true,
            "os": [
                "win32"
            ],
            "engines": {
                "node": "^20.19.0 || >=22.12.0"
            }
        },
        "node_modules/@oxlint/binding-win32-x64-msvc": {
            "version": "1.83.0",
            "resolved": "https://registry.npmjs.org/@oxlint/binding-win32-x64-msvc/-/binding-win32-x64-msvc-1.83.0.tgz",
            "integrity": "sha512-LZRubd7ph13QmAg4fFecTYVZkiYbROR2Htaxh/ufWRkDhPOm2wrwaEYR89e0YpPFD3dqBrPoxS7myBw5hmYA7Q==",
            "cpu": [
                "x64"
            ],
            "dev": true,
            "license": "MIT",
            "optional": true,
            "os": [
                "win32"
            ],
            "engines": {
                "node": "^20.19.0 || >=22.12.0"
            }
        },
        "node_modules/@playwright/test": {
            "version": "1.61.1",
            "resolved": "https://registry.npmjs.org/@playwright/test/-/test-1.61.1.tgz",
            "integrity": "sha512-8nKv6+0RJSL9FE4jYOEGXnPeM/Hg12qZpmqzZjRh3qM0Y7c3z1mrOTfFLids72RDQYVh9WpLEfR5WdpNX4fkig==",
            "dev": true,
            "license": "Apache-2.0",
            "dependencies": {
                "playwright": "1.61.1"
            },
            "bin": {
                "playwright": "cli.js"
            },
            "engines": {
                "node": ">=18"
            }
        },
        "node_modules/@types/node": {
            "version": "26.6.1",
            "resolved": "https://registry.npmjs.org/@types/node/-/node-26.6.1.tgz",
            "integrity": "sha512-VqGJBMCtdhqkBUCcBLvywI0NJ+KLuVzgNnlBUNFOQjqVxzo2lxLUNg1DSey8+u2u6ktswSAxg+s68QLzWHNOuA==",
            "dev": true,
            "license": "MIT",
            "dependencies": {
                "undici-types": "~8.9.0"
            }
        },
        "node_modules/dotenv": {
            "version": "17.4.2",
            "resolved": "https://registry.npmjs.org/dotenv/-/dotenv-17.4.2.tgz",
            "integrity": "sha512-nI4U3TottKAcAD9LLud4Cb7b2QztQMUEfHbvhTH09bqXTxnSie8WnjPALV/WMCrJZ6UV/qHJ6L03OqO3LcdYZw==",
            "dev": true,
            "license": "BSD-2-Clause",
            "engines": {
                "node": ">=12"
            },
            "funding": {
                "url": "https://dotenvx.com"
            }
        },
        "node_modules/fsevents": {
            "version": "2.3.2",
            "resolved": "https://registry.npmjs.org/fsevents/-/fsevents-2.3.2.tgz",
            "integrity": "sha512-xiqMQR4xAeHTuB9uWm+fFRcIOgKBMiOBP+eXiyT7jsgVCq1bkVygt00oASowB7EdtpOHaaPgKt812P9ab+DDKA==",
            "dev": true,
            "hasInstallScript": true,
            "license": "MIT",
            "optional": true,
            "os": [
                "darwin"
            ],
            "engines": {
                "node": "^8.16.0 || ^10.6.0 || >=11.0.0"
            }
        },
        "node_modules/oxlint": {
            "version": "1.83.0",
            "resolved": "https://registry.npmjs.org/oxlint/-/oxlint-1.83.0.tgz",
            "integrity": "sha512-cyDzSzaw3uzP0TeCeq3lLRPPoaUxkbB4ZOXj+kn+5r+BX9V+4bNVGk9lxer+WrgcpebH4JxLlJ3KQjveVztOLQ==",
            "dev": true,
            "license": "MIT",
            "bin": {
                "oxlint": "bin/oxlint"
            },
            "engines": {
                "node": "^20.19.0 || >=22.12.0"
            },
            "funding": {
                "url": "https://github.com/sponsors/oxc-project"
            },
            "optionalDependencies": {
                "@oxlint/binding-android-arm-eabi": "1.83.0",
                "@oxlint/binding-android-arm64": "1.83.0",
                "@oxlint/binding-darwin-arm64": "1.83.0",
                "@oxlint/binding-darwin-x64": "1.83.0",
                "@oxlint/binding-freebsd-x64": "1.83.0",
                "@oxlint/binding-linux-arm-gnueabihf": "1.83.0",
                "@oxlint/binding-linux-arm-musleabihf": "1.83.0",
                "@oxlint/binding-linux-arm64-gnu": "1.83.0",
                "@oxlint/binding-linux-arm64-musl": "1.83.0",
                "@oxlint/binding-linux-ppc64-gnu": "1.83.0",
                "@oxlint/binding-linux-riscv64-gnu": "1.83.0",
                "@oxlint/binding-linux-riscv64-musl": "1.83.0",
                "@oxlint/binding-linux-s390x-gnu": "1.83.0",
                "@oxlint/binding-linux-x64-gnu": "1.83.0",
                "@oxlint/binding-linux-x64-musl": "1.83.0",
                "@oxlint/binding-openharmony-arm64": "1.83.0",
                "@oxlint/binding-win32-arm64-msvc": "1.83.0",
                "@oxlint/binding-win32-ia32-msvc": "1.83.0",
                "@oxlint/binding-win32-x64-msvc": "1.83.0"
            },
            "peerDependencies": {
                "oxlint-tsgolint": ">=7.0.2001",
                "vite-plus": "*"
            },
            "peerDependenciesMeta": {
                "oxlint-tsgolint": {
                    "optional": true
                },
                "vite-plus": {
                    "optional": true
                }
            }
        },
        "node_modules/playwright": {
            "version": "1.61.1",
            "resolved": "https://registry.npmjs.org/playwright/-/playwright-1.61.1.tgz",
            "integrity": "sha512-DWnY5o3YbLWK4GovuAVwpqL+1VwGNdUGrRr++8j8PtQQzvAVZUIMjKQ90fY689sEJZJBbZVw1rXaOKSTitkzPQ==",
            "dev": true,
            "license": "Apache-2.0",
            "dependencies": {
                "playwright-core": "1.61.1"
            },
            "bin": {
                "playwright": "cli.js"
            },
            "engines": {
                "node": ">=18"
            },
            "optionalDependencies": {
                "fsevents": "2.3.2"
            }
        },
        "node_modules/playwright-core": {
            "version": "1.61.1",
            "resolved": "https://registry.npmjs.org/playwright-core/-/playwright-core-1.61.1.tgz",
            "integrity": "sha512-h7Qlt6m4REp25qvIdvbDtVmD4LqVXfpRxhORv9L0jzETM05p4fuPJ3dKyuSXQxDSbXnmS79HAgi9589lGSpLkg==",
            "dev": true,
            "license": "Apache-2.0",
            "bin": {
                "playwright-core": "cli.js"
            },
            "engines": {
                "node": ">=18"
            }
        },
        "node_modules/typescript": {
            "version": "6.0.3",
            "resolved": "https://registry.npmjs.org/typescript/-/typescript-6.0.3.tgz",
            "integrity": "sha512-y2TvuxSZPDyQakkFRPZHKFm+KKVqIisdg9/CZwm9ftvKXLP8NRWj38/ODjNbr43SsoXqNuAisEf1GdCxqWcdBw==",
            "dev": true,
            "license": "Apache-2.0",
            "bin": {
                "tsc": "bin/tsc",
                "tsserver": "bin/tsserver"
            },
            "engines": {
                "node": ">=14.17"
            }
        },
        "node_modules/undici-types": {
            "version": "8.9.0",
            "resolved": "https://registry.npmjs.org/undici-types/-/undici-types-8.9.0.tgz",
            "integrity": "sha512-KTDyRTYX8sWmKXAikPHHSyc63CRPETMctyjKFupcC6OBLXT3xsN0e9aF7m+mIXutFWpUXuedtowG7iLOzp0kQg==",
            "dev": true,
            "license": "MIT"
        },
        "node_modules/uuid": {
            "version": "14.0.2",
            "resolved": "https://registry.npmjs.org/uuid/-/uuid-14.0.2.tgz",
            "integrity": "sha512-xZe/16rV4aa+HGSOCiY2YeLT1OybRLrrkL/Rqaq7p7GMVXjFh+6wN4oMYgjFmnSnhY8t6Xpdl2l9qmnHYuMHwQ==",
            "dev": true,
            "funding": [
                "https://github.com/sponsors/broofa",
                "https://github.com/sponsors/ctavan"
            ],
            "license": "MIT",
            "bin": {
                "uuid": "dist-node/bin/uuid"
            }
        }
    }
}
